
Microsoft Visual Studio Solution File, Format Version 11.00
# Visual Web Developer Express 2010
Project("{E24C65DC-7377-472B-9ABA-BC803B73C61A}") = "Foodi.com", "..\..\WebSites\Foodi.com\", "{FA6F04E5-E996-458D-96C4-500511BA5D6D}"
	ProjectSection(WebsiteProperties) = preProject
		TargetFrameworkMoniker = ".NETFramework,Version%3Dv4.0"
		Debug.AspNetCompiler.VirtualPath = "/Foodi.com"
		Debug.AspNetCompiler.PhysicalPath = "..\..\WebSites\Foodi.com\"
		Debug.AspNetCompiler.TargetPath = "PrecompiledWeb\Foodi.com\"
		Debug.AspNetCompiler.Updateable = "true"
		Debug.AspNetCompiler.ForceOverwrite = "true"
		Debug.AspNetCompiler.FixedNames = "false"
		Debug.AspNetCompiler.Debug = "True"
		Release.AspNetCompiler.VirtualPath = "/Foodi.com"
		Release.AspNetCompiler.PhysicalPath = "..\..\WebSites\Foodi.com\"
		Release.AspNetCompiler.TargetPath = "PrecompiledWeb\Foodi.com\"
		Release.AspNetCompiler.Updateable = "true"
		Release.AspNetCompiler.ForceOverwrite = "true"
		Release.AspNetCompiler.FixedNames = "false"
		Release.AspNetCompiler.Debug = "False"
		VWDPort = "53796"
		DefaultWebSiteLanguage = "Visual C#"
	EndProjectSection
EndProject
Global
	GlobalSection(SolutionConfigurationPlatforms) = preSolution
		Debug|Any CPU = Debug|Any CPU
	EndGlobalSection
	GlobalSection(ProjectConfigurationPlatforms) = postSolution
		{FA6F04E5-E996-458D-96C4-500511BA5D6D}.Debug|Any CPU.ActiveCfg = Debug|Any CPU
		{FA6F04E5-E996-458D-96C4-500511BA5D6D}.Debug|Any CPU.Build.0 = Debug|Any CPU
	EndGlobalSection
	GlobalSection(SolutionProperties) = preSolution
		HideSolutionNode = FALSE
	EndGlobalSection
EndGlobal
